
Microsoft Visual Studio Solution File, Format Version 12.00
# Visual Studio Version 17
VisualStudioVersion = 17.5.2.0
MinimumVisualStudioVersion = 10.0.40219.1
Project("{FAE04EC0-301F-11D3-BF4B-00C04F79EFBC}") = "GameLibrary", "GameLibrary\GameLibrary.csproj", "{46BD33CD-B7BC-2E1C-47DD-BF3EDD3DEDC5}"
EndProject
Project("{FAE04EC0-301F-11D3-BF4B-00C04F79EFBC}") = "GameLibrary.UnitTests", "GameLibrary.UnitTests\GameLibrary.UnitTests.csproj", "{84224885-1E7E-497E-B460-E1BB90C628D7}"
EndProject
Global
	GlobalSection(SolutionConfigurationPlatforms) = preSolution
		Debug|Any CPU = Debug|Any CPU
		Debug|x64 = Debug|x64
		Debug|x86 = Debug|x86
		Release|Any CPU = Release|Any CPU
		Release|x64 = Release|x64
		Release|x86 = Release|x86
	EndGlobalSection
	GlobalSection(ProjectConfigurationPlatforms) = postSolution
		{46BD33CD-B7BC-2E1C-47DD-BF3EDD3DEDC5}.Debug|Any CPU.ActiveCfg = Debug|Any CPU
		{46BD33CD-B7BC-2E1C-47DD-BF3EDD3DEDC5}.Debug|Any CPU.Build.0 = Debug|Any CPU
		{46BD33CD-B7BC-2E1C-47DD-BF3EDD3DEDC5}.Debug|x64.ActiveCfg = Debug|Any CPU
		{46BD33CD-B7BC-2E1C-47DD-BF3EDD3DEDC5}.Debug|x64.Build.0 = Debug|Any CPU
		{46BD33CD-B7BC-2E1C-47DD-BF3EDD3DEDC5}.Debug|x86.ActiveCfg = Debug|Any CPU
		{46BD33CD-B7BC-2E1C-47DD-BF3EDD3DEDC5}.Debug|x86.Build.0 = Debug|Any CPU
		{46BD33CD-B7BC-2E1C-47DD-BF3EDD3DEDC5}.Release|Any CPU.ActiveCfg = Release|Any CPU
		{46BD33CD-B7BC-2E1C-47DD-BF3EDD3DEDC5}.Release|Any CPU.Build.0 = Release|Any CPU
		{46BD33CD-B7BC-2E1C-47DD-BF3EDD3DEDC5}.Release|x64.ActiveCfg = Release|Any CPU
		{46BD33CD-B7BC-2E1C-47DD-BF3EDD3DEDC5}.Release|x64.Build.0 = Release|Any CPU
		{46BD33CD-B7BC-2E1C-47DD-BF3EDD3DEDC5}.Release|x86.ActiveCfg = Release|Any CPU
		{46BD33CD-B7BC-2E1C-47DD-BF3EDD3DEDC5}.Release|x86.Build.0 = Release|Any CPU
		{84224885-1E7E-497E-B460-E1BB90C628D7}.Debug|Any CPU.ActiveCfg = Debug|Any CPU
		{84224885-1E7E-497E-B460-E1BB90C628D7}.Debug|Any CPU.Build.0 = Debug|Any CPU
		{84224885-1E7E-497E-B460-E1BB90C628D7}.Debug|x64.ActiveCfg = Debug|Any CPU
		{84224885-1E7E-497E-B460-E1BB90C628D7}.Debug|x64.Build.0 = Debug|Any CPU
		{84224885-1E7E-497E-B460-E1BB90C628D7}.Debug|x86.ActiveCfg = Debug|Any CPU
		{84224885-1E7E-497E-B460-E1BB90C628D7}.Debug|x86.Build.0 = Debug|Any CPU
		{84224885-1E7E-497E-B460-E1BB90C628D7}.Release|Any CPU.ActiveCfg = Release|Any CPU
		{84224885-1E7E-497E-B460-E1BB90C628D7}.Release|Any CPU.Build.0 = Release|Any CPU
		{84224885-1E7E-497E-B460-E1BB90C628D7}.Release|x64.ActiveCfg = Release|Any CPU
		{84224885-1E7E-497E-B460-E1BB90C628D7}.Release|x64.Build.0 = Release|Any CPU
		{84224885-1E7E-497E-B460-E1BB90C628D7}.Release|x86.ActiveCfg = Release|Any CPU
		{84224885-1E7E-497E-B460-E1BB90C628D7}.Release|x86.Build.0 = Release|Any CPU
	EndGlobalSection
	GlobalSection(SolutionProperties) = preSolution
		HideSolutionNode = FALSE
	EndGlobalSection
	GlobalSection(ExtensibilityGlobals) = postSolution
		SolutionGuid = {A94978FA-CE01-4C27-B086-72F0B61D982F}
	EndGlobalSection
EndGlobal
