
Microsoft Visual Studio Solution File, Format Version 12.00
# Visual Studio Version 17
VisualStudioVersion = 17.0.31903.59
MinimumVisualStudioVersion = 10.0.40219.1
Project("{FAE04EC0-301F-11D3-BF4B-00C04F79EFBC}") = "MyWebAPI", "MyWebAPI\MyWebAPI.csproj", "{6FDB87A8-4124-48BB-A9DA-FA7574F4170A}"
EndProject
Project("{FAE04EC0-301F-11D3-BF4B-00C04F79EFBC}") = "MyLibrary", "MyLibrary\MyLibrary.csproj", "{7A108137-1CB7-4967-9C87-0BFBD68CD978}"
EndProject
Project("{FAE04EC0-301F-11D3-BF4B-00C04F79EFBC}") = "MyTest", "MyTest\MyTest.csproj", "{DB239F2F-5316-467F-83B2-3173DDA2F984}"
EndProject
Global
	GlobalSection(SolutionConfigurationPlatforms) = preSolution
		Debug|Any CPU = Debug|Any CPU
		Debug|x64 = Debug|x64
		Debug|x86 = Debug|x86
		Release|Any CPU = Release|Any CPU
		Release|x64 = Release|x64
		Release|x86 = Release|x86
	EndGlobalSection
	GlobalSection(ProjectConfigurationPlatforms) = postSolution
		{6FDB87A8-4124-48BB-A9DA-FA7574F4170A}.Debug|Any CPU.ActiveCfg = Debug|Any CPU
		{6FDB87A8-4124-48BB-A9DA-FA7574F4170A}.Debug|Any CPU.Build.0 = Debug|Any CPU
		{6FDB87A8-4124-48BB-A9DA-FA7574F4170A}.Debug|x64.ActiveCfg = Debug|Any CPU
		{6FDB87A8-4124-48BB-A9DA-FA7574F4170A}.Debug|x64.Build.0 = Debug|Any CPU
		{6FDB87A8-4124-48BB-A9DA-FA7574F4170A}.Debug|x86.ActiveCfg = Debug|Any CPU
		{6FDB87A8-4124-48BB-A9DA-FA7574F4170A}.Debug|x86.Build.0 = Debug|Any CPU
		{6FDB87A8-4124-48BB-A9DA-FA7574F4170A}.Release|Any CPU.ActiveCfg = Release|Any CPU
		{6FDB87A8-4124-48BB-A9DA-FA7574F4170A}.Release|Any CPU.Build.0 = Release|Any CPU
		{6FDB87A8-4124-48BB-A9DA-FA7574F4170A}.Release|x64.ActiveCfg = Release|Any CPU
		{6FDB87A8-4124-48BB-A9DA-FA7574F4170A}.Release|x64.Build.0 = Release|Any CPU
		{6FDB87A8-4124-48BB-A9DA-FA7574F4170A}.Release|x86.ActiveCfg = Release|Any CPU
		{6FDB87A8-4124-48BB-A9DA-FA7574F4170A}.Release|x86.Build.0 = Release|Any CPU
		{7A108137-1CB7-4967-9C87-0BFBD68CD978}.Debug|Any CPU.ActiveCfg = Debug|Any CPU
		{7A108137-1CB7-4967-9C87-0BFBD68CD978}.Debug|Any CPU.Build.0 = Debug|Any CPU
		{7A108137-1CB7-4967-9C87-0BFBD68CD978}.Debug|x64.ActiveCfg = Debug|Any CPU
		{7A108137-1CB7-4967-9C87-0BFBD68CD978}.Debug|x64.Build.0 = Debug|Any CPU
		{7A108137-1CB7-4967-9C87-0BFBD68CD978}.Debug|x86.ActiveCfg = Debug|Any CPU
		{7A108137-1CB7-4967-9C87-0BFBD68CD978}.Debug|x86.Build.0 = Debug|Any CPU
		{7A108137-1CB7-4967-9C87-0BFBD68CD978}.Release|Any CPU.ActiveCfg = Release|Any CPU
		{7A108137-1CB7-4967-9C87-0BFBD68CD978}.Release|Any CPU.Build.0 = Release|Any CPU
		{7A108137-1CB7-4967-9C87-0BFBD68CD978}.Release|x64.ActiveCfg = Release|Any CPU
		{7A108137-1CB7-4967-9C87-0BFBD68CD978}.Release|x64.Build.0 = Release|Any CPU
		{7A108137-1CB7-4967-9C87-0BFBD68CD978}.Release|x86.ActiveCfg = Release|Any CPU
		{7A108137-1CB7-4967-9C87-0BFBD68CD978}.Release|x86.Build.0 = Release|Any CPU
		{DB239F2F-5316-467F-83B2-3173DDA2F984}.Debug|Any CPU.ActiveCfg = Debug|Any CPU
		{DB239F2F-5316-467F-83B2-3173DDA2F984}.Debug|Any CPU.Build.0 = Debug|Any CPU
		{DB239F2F-5316-467F-83B2-3173DDA2F984}.Debug|x64.ActiveCfg = Debug|Any CPU
		{DB239F2F-5316-467F-83B2-3173DDA2F984}.Debug|x64.Build.0 = Debug|Any CPU
		{DB239F2F-5316-467F-83B2-3173DDA2F984}.Debug|x86.ActiveCfg = Debug|Any CPU
		{DB239F2F-5316-467F-83B2-3173DDA2F984}.Debug|x86.Build.0 = Debug|Any CPU
		{DB239F2F-5316-467F-83B2-3173DDA2F984}.Release|Any CPU.ActiveCfg = Release|Any CPU
		{DB239F2F-5316-467F-83B2-3173DDA2F984}.Release|Any CPU.Build.0 = Release|Any CPU
		{DB239F2F-5316-467F-83B2-3173DDA2F984}.Release|x64.ActiveCfg = Release|Any CPU
		{DB239F2F-5316-467F-83B2-3173DDA2F984}.Release|x64.Build.0 = Release|Any CPU
		{DB239F2F-5316-467F-83B2-3173DDA2F984}.Release|x86.ActiveCfg = Release|Any CPU
		{DB239F2F-5316-467F-83B2-3173DDA2F984}.Release|x86.Build.0 = Release|Any CPU
	EndGlobalSection
	GlobalSection(SolutionProperties) = preSolution
		HideSolutionNode = FALSE
	EndGlobalSection
EndGlobal
